
Microsoft Visual Studio Solution File, Format Version 12.00
# Visual Studio 15
VisualStudioVersion = 15.0.27130.2010
MinimumVisualStudioVersion = 10.0.40219.1
Project("{FAE04EC0-301F-11D3-BF4B-00C04F79EFBC}") = "ex5", "ex5\ex5.csproj", "{E81B04D2-814D-4640-B765-9E7230432784}"
EndProject
Global
	GlobalSection(SolutionConfigurationPlatforms) = preSolution
		Debug|Any CPU = Debug|Any CPU
		Release|Any CPU = Release|Any CPU
	EndGlobalSection
	GlobalSection(ProjectConfigurationPlatforms) = postSolution
		{E81B04D2-814D-4640-B765-9E7230432784}.Debug|Any CPU.ActiveCfg = Debug|Any CPU
		{E81B04D2-814D-4640-B765-9E7230432784}.Debug|Any CPU.Build.0 = Debug|Any CPU
		{E81B04D2-814D-4640-B765-9E7230432784}.Release|Any CPU.ActiveCfg = Release|Any CPU
		{E81B04D2-814D-4640-B765-9E7230432784}.Release|Any CPU.Build.0 = Release|Any CPU
	EndGlobalSection
	GlobalSection(SolutionProperties) = preSolution
		HideSolutionNode = FALSE
	EndGlobalSection
	GlobalSection(ExtensibilityGlobals) = postSolution
		SolutionGuid = {FCE6921F-3EF9-4CF9-90EE-2F9FC405B188}
	EndGlobalSection
EndGlobal
