
Microsoft Visual Studio Solution File, Format Version 12.00
# Visual Studio 15
VisualStudioVersion = 15.0.27130.2010
MinimumVisualStudioVersion = 10.0.40219.1
Project("{FAE04EC0-301F-11D3-BF4B-00C04F79EFBC}") = "ex4", "ex4\ex4.csproj", "{536C24E5-55D4-4123-9940-664762A2F705}"
EndProject
Global
	GlobalSection(SolutionConfigurationPlatforms) = preSolution
		Debug|Any CPU = Debug|Any CPU
		Release|Any CPU = Release|Any CPU
	EndGlobalSection
	GlobalSection(ProjectConfigurationPlatforms) = postSolution
		{536C24E5-55D4-4123-9940-664762A2F705}.Debug|Any CPU.ActiveCfg = Debug|Any CPU
		{536C24E5-55D4-4123-9940-664762A2F705}.Debug|Any CPU.Build.0 = Debug|Any CPU
		{536C24E5-55D4-4123-9940-664762A2F705}.Release|Any CPU.ActiveCfg = Release|Any CPU
		{536C24E5-55D4-4123-9940-664762A2F705}.Release|Any CPU.Build.0 = Release|Any CPU
	EndGlobalSection
	GlobalSection(SolutionProperties) = preSolution
		HideSolutionNode = FALSE
	EndGlobalSection
	GlobalSection(ExtensibilityGlobals) = postSolution
		SolutionGuid = {139FA6AF-4959-4AC2-A1D0-C170F5026A99}
	EndGlobalSection
EndGlobal
